
Microsoft Visual Studio Solution File, Format Version 12.00
# Visual Studio Version 17
VisualStudioVersion = 17.2.32526.322
MinimumVisualStudioVersion = 10.0.40219.1
Project("{FAE04EC0-301F-11D3-BF4B-00C04F79EFBC}") = "MyFirstAPI", "MyFirstAPI\MyFirstAPI.csproj", "{52F832E1-3E94-4EC3-9335-FE648973A176}"
EndProject
Global
	GlobalSection(SolutionConfigurationPlatforms) = preSolution
		Debug|Any CPU = Debug|Any CPU
		Release|Any CPU = Release|Any CPU
	EndGlobalSection
	GlobalSection(ProjectConfigurationPlatforms) = postSolution
		{52F832E1-3E94-4EC3-9335-FE648973A176}.Debug|Any CPU.ActiveCfg = Debug|Any CPU
		{52F832E1-3E94-4EC3-9335-FE648973A176}.Debug|Any CPU.Build.0 = Debug|Any CPU
		{52F832E1-3E94-4EC3-9335-FE648973A176}.Release|Any CPU.ActiveCfg = Release|Any CPU
		{52F832E1-3E94-4EC3-9335-FE648973A176}.Release|Any CPU.Build.0 = Release|Any CPU
	EndGlobalSection
	GlobalSection(SolutionProperties) = preSolution
		HideSolutionNode = FALSE
	EndGlobalSection
	GlobalSection(ExtensibilityGlobals) = postSolution
		SolutionGuid = {6378EF2E-D5F6-4765-8819-5CA93C0EF4CE}
	EndGlobalSection
EndGlobal
